Microsoft Visual Studio Solution File, Format Version 12.00
# Visual Studio Version 17
VisualStudioVersion = 17.5.2.0
MinimumVisualStudioVersion = 10.0.40219.1
Project("{FAE04EC0-301F-11D3-BF4B-00C04F79EFBC}") = "LanProbe", "LanProbe.csproj", "{263C0EF1-C6C9-08A9-6535-A93AF3D18303}"
EndProject
Global
	GlobalSection(SolutionConfigurationPlatforms) = preSolution
		Debug|Any CPU = Debug|Any CPU
		Release|Any CPU = Release|Any CPU
	EndGlobalSection
	GlobalSection(ProjectConfigurationPlatforms) = postSolution
		{263C0EF1-C6C9-08A9-6535-A93AF3D18303}.Debug|Any CPU.ActiveCfg = Debug|Any CPU
		{263C0EF1-C6C9-08A9-6535-A93AF3D18303}.Debug|Any CPU.Build.0 = Debug|Any CPU
		{263C0EF1-C6C9-08A9-6535-A93AF3D18303}.Release|Any CPU.ActiveCfg = Release|Any CPU
		{263C0EF1-C6C9-08A9-6535-A93AF3D18303}.Release|Any CPU.Build.0 = Release|Any CPU
	EndGlobalSection
	GlobalSection(SolutionProperties) = preSolution
		HideSolutionNode = FALSE
	EndGlobalSection
	GlobalSection(ExtensibilityGlobals) = postSolution
		SolutionGuid = {4D7C55BD-18E8-4CFC-AD09-7CC854C75EC5}
	EndGlobalSection
EndGlobal
